// !$*UTF8*$!
{
	archiveVersion = 1;
	classes = {
	};
	objectVersion = 46;
	objects = {

/* Begin PBXBuildFile section */
		360460991371D0F3004D1390 /* UIKit.framework in Frameworks */ = {isa = PBXBuildFile; fileRef = 360460981371D0F3004D1390 /* UIKit.framework */; };
		3604609B1371D0F3004D1390 /* Foundation.framework in Frameworks */ = {isa = PBXBuildFile; fileRef = 3604609A1371D0F3004D1390 /* Foundation.framework */; };
		3604609D1371D0F3004D1390 /* CoreGraphics.framework in Frameworks */ = {isa = PBXBuildFile; fileRef = 3604609C1371D0F3004D1390 /* CoreGraphics.framework */; };
		360460A31371D0F3004D1390 /* InfoPlist.strings in Resources */ = {isa = PBXBuildFile; fileRef = 360460A11371D0F3004D1390 /* InfoPlist.strings */; };
		360460A61371D0F3004D1390 /* main.m in Sources */ = {isa = PBXBuildFile; fileRef = 360460A51371D0F3004D1390 /* main.m */; };
		360460A91371D0F3004D1390 /* HtmlDocumentViewAppDelegate.m in Sources */ = {isa = PBXBuildFile; fileRef = 360460A81371D0F3004D1390 /* HtmlDocumentViewAppDelegate.m */; };
		360460AC1371D0F3004D1390 /* MainWindow.xib in Resources */ = {isa = PBXBuildFile; fileRef = 360460AA1371D0F3004D1390 /* MainWindow.xib */; };
		360460BC1371D464004D1390 /* HDVFactory.m in Sources */ = {isa = PBXBuildFile; fileRef = 360460BA1371D464004D1390 /* HDVFactory.m */; };
		360460BE1371D48D004D1390 /* root.html in Resources */ = {isa = PBXBuildFile; fileRef = 360460BD1371D48D004D1390 /* root.html */; };
		36DD0CCD1371E3D200BFEDA1 /* APElement.m in Sources */ = {isa = PBXBuildFile; fileRef = 36DD0CC71371E3D200BFEDA1 /* APElement.m */; };
		36DD0CCE1371E3D200BFEDA1 /* APDocument.m in Sources */ = {isa = PBXBuildFile; fileRef = 36DD0CC91371E3D200BFEDA1 /* APDocument.m */; };
		36DD0CCF1371E3D200BFEDA1 /* APAttribute.m in Sources */ = {isa = PBXBuildFile; fileRef = 36DD0CCB1371E3D200BFEDA1 /* APAttribute.m */; };
		36E50904137D7C7C00AAD411 /* PViewFactory.m in Sources */ = {isa = PBXBuildFile; fileRef = 36E50903137D7C7B00AAD411 /* PViewFactory.m */; };
		36E50907137D7CA300AAD411 /* ULViewFactory.m in Sources */ = {isa = PBXBuildFile; fileRef = 36E50906137D7CA300AAD411 /* ULViewFactory.m */; };
		36E5090A137D7CBA00AAD411 /* LIViewFactory.m in Sources */ = {isa = PBXBuildFile; fileRef = 36E50909137D7CBA00AAD411 /* LIViewFactory.m */; };
		36E5090D137D7CC900AAD411 /* BaseViewFactory.m in Sources */ = {isa = PBXBuildFile; fileRef = 36E5090C137D7CC800AAD411 /* BaseViewFactory.m */; };
		36E50918137D808D00AAD411 /* SPANViewFactory.m in Sources */ = {isa = PBXBuildFile; fileRef = 36E50917137D808D00AAD411 /* SPANViewFactory.m */; };
		36F3C1AE137DC33C00F8B5C1 /* LayoutEngine.m in Sources */ = {isa = PBXBuildFile; fileRef = 36F3C1AD137DC33C00F8B5C1 /* LayoutEngine.m */; };
/* End PBXBuildFile section */

/* Begin PBXFileReference section */
		360460941371D0F3004D1390 /* HtmlDocumentView.app */ = {isa = PBXFileReference; explicitFileType = wrapper.application; includeInIndex = 0; path = HtmlDocumentView.app; sourceTree = BUILT_PRODUCTS_DIR; };
		360460981371D0F3004D1390 /* UIKit.framework */ = {isa = PBXFileReference; lastKnownFileType = wrapper.framework; name = UIKit.framework; path = System/Library/Frameworks/UIKit.framework; sourceTree = SDKROOT; };
		3604609A1371D0F3004D1390 /* Foundation.framework */ = {isa = PBXFileReference; lastKnownFileType = wrapper.framework; name = Foundation.framework; path = System/Library/Frameworks/Foundation.framework; sourceTree = SDKROOT; };
		3604609C1371D0F3004D1390 /* CoreGraphics.framework */ = {isa = PBXFileReference; lastKnownFileType = wrapper.framework; name = CoreGraphics.framework; path = System/Library/Frameworks/CoreGraphics.framework; sourceTree = SDKROOT; };
		360460A01371D0F3004D1390 /* HtmlDocumentView-Info.plist */ = {isa = PBXFileReference; lastKnownFileType = text.plist.xml; path = "HtmlDocumentView-Info.plist"; sourceTree = "<group>"; };
		360460A21371D0F3004D1390 /* en */ = {isa = PBXFileReference; lastKnownFileType = text.plist.strings; name = en; path = en.lproj/InfoPlist.strings; sourceTree = "<group>"; };
		360460A41371D0F3004D1390 /* HtmlDocumentView-Prefix.pch */ = {isa = PBXFileReference; lastKnownFileType = sourcecode.c.h; path = "HtmlDocumentView-Prefix.pch"; sourceTree = "<group>"; };
		360460A51371D0F3004D1390 /* main.m */ = {isa = PBXFileReference; lastKnownFileType = sourcecode.c.objc; path = main.m; sourceTree = "<group>"; };
		360460A71371D0F3004D1390 /* HtmlDocumentViewAppDelegate.h */ = {isa = PBXFileReference; lastKnownFileType = sourcecode.c.h; path = HtmlDocumentViewAppDelegate.h; sourceTree = "<group>"; };
		360460A81371D0F3004D1390 /* HtmlDocumentViewAppDelegate.m */ = {isa = PBXFileReference; lastKnownFileType = sourcecode.c.objc; path = HtmlDocumentViewAppDelegate.m; sourceTree = "<group>"; };
		360460AB1371D0F3004D1390 /* en */ = {isa = PBXFileReference; lastKnownFileType = file.xib; name = en; path = en.lproj/MainWindow.xib; sourceTree = "<group>"; };
		360460BA1371D464004D1390 /* HDVFactory.m */ = {isa = PBXFileReference; fileEncoding = 4; lastKnownFileType = sourcecode.c.objc; name = HDVFactory.m; path = HDV/HDVFactory.m; sourceTree = "<group>"; };
		360460BB1371D464004D1390 /* HDVFactory.h */ = {isa = PBXFileReference; fileEncoding = 4; lastKnownFileType = sourcecode.c.h; name = HDVFactory.h; path = HDV/HDVFactory.h; sourceTree = "<group>"; };
		360460BD1371D48D004D1390 /* root.html */ = {isa = PBXFileReference; fileEncoding = 4; lastKnownFileType = text.html; path = root.html; sourceTree = "<group>"; };
		36DD0CC61371E3D200BFEDA1 /* APXML.h */ = {isa = PBXFileReference; fileEncoding = 4; lastKnownFileType = sourcecode.c.h; name = APXML.h; path = HDV/Parser/APXML.h; sourceTree = "<group>"; };
		36DD0CC71371E3D200BFEDA1 /* APElement.m */ = {isa = PBXFileReference; fileEncoding = 4; lastKnownFileType = sourcecode.c.objc; name = APElement.m; path = HDV/Parser/APElement.m; sourceTree = "<group>"; };
		36DD0CC81371E3D200BFEDA1 /* APElement.h */ = {isa = PBXFileReference; fileEncoding = 4; lastKnownFileType = sourcecode.c.h; name = APElement.h; path = HDV/Parser/APElement.h; sourceTree = "<group>"; };
		36DD0CC91371E3D200BFEDA1 /* APDocument.m */ = {isa = PBXFileReference; fileEncoding = 4; lastKnownFileType = sourcecode.c.objc; name = APDocument.m; path = HDV/Parser/APDocument.m; sourceTree = "<group>"; };
		36DD0CCA1371E3D200BFEDA1 /* APDocument.h */ = {isa = PBXFileReference; fileEncoding = 4; lastKnownFileType = sourcecode.c.h; name = APDocument.h; path = HDV/Parser/APDocument.h; sourceTree = "<group>"; };
		36DD0CCB1371E3D200BFEDA1 /* APAttribute.m */ = {isa = PBXFileReference; fileEncoding = 4; lastKnownFileType = sourcecode.c.objc; name = APAttribute.m; path = HDV/Parser/APAttribute.m; sourceTree = "<group>"; };
		36DD0CCC1371E3D200BFEDA1 /* APAttribute.h */ = {isa = PBXFileReference; fileEncoding = 4; lastKnownFileType = sourcecode.c.h; name = APAttribute.h; path = HDV/Parser/APAttribute.h; sourceTree = "<group>"; };
		36E50902137D7C7B00AAD411 /* PViewFactory.h */ = {isa = PBXFileReference; fileEncoding = 4; lastKnownFileType = sourcecode.c.h; path = PViewFactory.h; sourceTree = "<group>"; };
		36E50903137D7C7B00AAD411 /* PViewFactory.m */ = {isa = PBXFileReference; fileEncoding = 4; lastKnownFileType = sourcecode.c.objc; path = PViewFactory.m; sourceTree = "<group>"; };
		36E50905137D7CA300AAD411 /* ULViewFactory.h */ = {isa = PBXFileReference; fileEncoding = 4; lastKnownFileType = sourcecode.c.h; path = ULViewFactory.h; sourceTree = "<group>"; };
		36E50906137D7CA300AAD411 /* ULViewFactory.m */ = {isa = PBXFileReference; fileEncoding = 4; lastKnownFileType = sourcecode.c.objc; path = ULViewFactory.m; sourceTree = "<group>"; };
		36E50908137D7CBA00AAD411 /* LIViewFactory.h */ = {isa = PBXFileReference; fileEncoding = 4; lastKnownFileType = sourcecode.c.h; path = LIViewFactory.h; sourceTree = "<group>"; };
		36E50909137D7CBA00AAD411 /* LIViewFactory.m */ = {isa = PBXFileReference; fileEncoding = 4; lastKnownFileType = sourcecode.c.objc; path = LIViewFactory.m; sourceTree = "<group>"; };
		36E5090B137D7CC800AAD411 /* BaseViewFactory.h */ = {isa = PBXFileReference; fileEncoding = 4; lastKnownFileType = sourcecode.c.h; path = BaseViewFactory.h; sourceTree = "<group>"; };
		36E5090C137D7CC800AAD411 /* BaseViewFactory.m */ = {isa = PBXFileReference; fileEncoding = 4; lastKnownFileType = sourcecode.c.objc; path = BaseViewFactory.m; sourceTree = "<group>"; };
		36E50916137D808D00AAD411 /* SPANViewFactory.h */ = {isa = PBXFileReference; fileEncoding = 4; lastKnownFileType = sourcecode.c.h; path = SPANViewFactory.h; sourceTree = "<group>"; };
		36E50917137D808D00AAD411 /* SPANViewFactory.m */ = {isa = PBXFileReference; fileEncoding = 4; lastKnownFileType = sourcecode.c.objc; path = SPANViewFactory.m; sourceTree = "<group>"; };
		36F3C1AC137DC33C00F8B5C1 /* LayoutEngine.h */ = {isa = PBXFileReference; fileEncoding = 4; lastKnownFileType = sourcecode.c.h; path = LayoutEngine.h; sourceTree = "<group>"; };
		36F3C1AD137DC33C00F8B5C1 /* LayoutEngine.m */ = {isa = PBXFileReference; fileEncoding = 4; lastKnownFileType = sourcecode.c.objc; path = LayoutEngine.m; sourceTree = "<group>"; };
/* End PBXFileReference section */

/* Begin PBXFrameworksBuildPhase section */
		360460911371D0F3004D1390 /* Frameworks */ = {
			isa = PBXFrameworksBuildPhase;
			buildActionMask = 2147483647;
			files = (
				360460991371D0F3004D1390 /* UIKit.framework in Frameworks */,
				3604609B1371D0F3004D1390 /* Foundation.framework in Frameworks */,
				3604609D1371D0F3004D1390 /* CoreGraphics.framework in Frameworks */,
			);
			runOnlyForDeploymentPostprocessing = 0;
		};
/* End PBXFrameworksBuildPhase section */

/* Begin PBXGroup section */
		360460891371D0F3004D1390 = {
			isa = PBXGroup;
			children = (
				3604609E1371D0F3004D1390 /* HtmlDocumentView */,
				360460971371D0F3004D1390 /* Frameworks */,
				360460951371D0F3004D1390 /* Products */,
			);
			sourceTree = "<group>";
		};
		360460951371D0F3004D1390 /* Products */ = {
			isa = PBXGroup;
			children = (
				360460941371D0F3004D1390 /* HtmlDocumentView.app */,
			);
			name = Products;
			sourceTree = "<group>";
		};
		360460971371D0F3004D1390 /* Frameworks */ = {
			isa = PBXGroup;
			children = (
				360460981371D0F3004D1390 /* UIKit.framework */,
				3604609A1371D0F3004D1390 /* Foundation.framework */,
				3604609C1371D0F3004D1390 /* CoreGraphics.framework */,
			);
			name = Frameworks;
			sourceTree = "<group>";
		};
		3604609E1371D0F3004D1390 /* HtmlDocumentView */ = {
			isa = PBXGroup;
			children = (
				360460B21371D0F9004D1390 /* HDV */,
				360460A71371D0F3004D1390 /* HtmlDocumentViewAppDelegate.h */,
				360460A81371D0F3004D1390 /* HtmlDocumentViewAppDelegate.m */,
				360460AA1371D0F3004D1390 /* MainWindow.xib */,
				3604609F1371D0F3004D1390 /* Supporting Files */,
			);
			path = HtmlDocumentView;
			sourceTree = "<group>";
		};
		3604609F1371D0F3004D1390 /* Supporting Files */ = {
			isa = PBXGroup;
			children = (
				360460A01371D0F3004D1390 /* HtmlDocumentView-Info.plist */,
				360460A11371D0F3004D1390 /* InfoPlist.strings */,
				360460A41371D0F3004D1390 /* HtmlDocumentView-Prefix.pch */,
				360460A51371D0F3004D1390 /* main.m */,
				360460BD1371D48D004D1390 /* root.html */,
			);
			name = "Supporting Files";
			sourceTree = "<group>";
		};
		360460B21371D0F9004D1390 /* HDV */ = {
			isa = PBXGroup;
			children = (
				36F3C1B2137DC4B200F8B5C1 /* Support */,
				36F3C1AA137DC31E00F8B5C1 /* LayoutEngine */,
				36E50900137D7C5700AAD411 /* ViewFactories */,
				360460BB1371D464004D1390 /* HDVFactory.h */,
				360460BA1371D464004D1390 /* HDVFactory.m */,
				360460B61371D39A004D1390 /* Parsers */,
			);
			name = HDV;
			sourceTree = "<group>";
		};
		360460B61371D39A004D1390 /* Parsers */ = {
			isa = PBXGroup;
			children = (
				36DD0CC61371E3D200BFEDA1 /* APXML.h */,
				36DD0CC71371E3D200BFEDA1 /* APElement.m */,
				36DD0CC81371E3D200BFEDA1 /* APElement.h */,
				36DD0CC91371E3D200BFEDA1 /* APDocument.m */,
				36DD0CCA1371E3D200BFEDA1 /* APDocument.h */,
				36DD0CCB1371E3D200BFEDA1 /* APAttribute.m */,
				36DD0CCC1371E3D200BFEDA1 /* APAttribute.h */,
			);
			name = Parsers;
			sourceTree = "<group>";
		};
		36E50900137D7C5700AAD411 /* ViewFactories */ = {
			isa = PBXGroup;
			children = (
				36E50902137D7C7B00AAD411 /* PViewFactory.h */,
				36E50903137D7C7B00AAD411 /* PViewFactory.m */,
				36E50905137D7CA300AAD411 /* ULViewFactory.h */,
				36E50906137D7CA300AAD411 /* ULViewFactory.m */,
				36E50908137D7CBA00AAD411 /* LIViewFactory.h */,
				36E50909137D7CBA00AAD411 /* LIViewFactory.m */,
				36E5090B137D7CC800AAD411 /* BaseViewFactory.h */,
				36E5090C137D7CC800AAD411 /* BaseViewFactory.m */,
				36E50916137D808D00AAD411 /* SPANViewFactory.h */,
				36E50917137D808D00AAD411 /* SPANViewFactory.m */,
			);
			name = ViewFactories;
			sourceTree = "<group>";
		};
		36F3C1AA137DC31E00F8B5C1 /* LayoutEngine */ = {
			isa = PBXGroup;
			children = (
				36F3C1AC137DC33C00F8B5C1 /* LayoutEngine.h */,
				36F3C1AD137DC33C00F8B5C1 /* LayoutEngine.m */,
			);
			name = LayoutEngine;
			sourceTree = "<group>";
		};
		36F3C1B2137DC4B200F8B5C1 /* Support */ = {
			isa = PBXGroup;
			children = (
			);
			name = Support;
			sourceTree = "<group>";
		};
/* End PBXGroup section */

/* Begin PBXNativeTarget section */
		360460931371D0F3004D1390 /* HtmlDocumentView */ = {
			isa = PBXNativeTarget;
			buildConfigurationList = 360460AF1371D0F3004D1390 /* Build configuration list for PBXNativeTarget "HtmlDocumentView" */;
			buildPhases = (
				360460901371D0F3004D1390 /* Sources */,
				360460911371D0F3004D1390 /* Frameworks */,
				360460921371D0F3004D1390 /* Resources */,
			);
			buildRules = (
			);
			dependencies = (
			);
			name = HtmlDocumentView;
			productName = HtmlDocumentView;
			productReference = 360460941371D0F3004D1390 /* HtmlDocumentView.app */;
			productType = "com.apple.product-type.application";
		};
/* End PBXNativeTarget section */

/* Begin PBXProject section */
		3604608B1371D0F3004D1390 /* Project object */ = {
			isa = PBXProject;
			attributes = {
				ORGANIZATIONNAME = Protime;
			};
			buildConfigurationList = 3604608E1371D0F3004D1390 /* Build configuration list for PBXProject "HtmlDocumentView" */;
			compatibilityVersion = "Xcode 3.2";
			developmentRegion = English;
			hasScannedForEncodings = 0;
			knownRegions = (
				en,
			);
			mainGroup = 360460891371D0F3004D1390;
			productRefGroup = 360460951371D0F3004D1390 /* Products */;
			projectDirPath = "";
			projectRoot = "";
			targets = (
				360460931371D0F3004D1390 /* HtmlDocumentView */,
			);
		};
/* End PBXProject section */

/* Begin PBXResourcesBuildPhase section */
		360460921371D0F3004D1390 /* Resources */ = {
			isa = PBXResourcesBuildPhase;
			buildActionMask = 2147483647;
			files = (
				360460A31371D0F3004D1390 /* InfoPlist.strings in Resources */,
				360460AC1371D0F3004D1390 /* MainWindow.xib in Resources */,
				360460BE1371D48D004D1390 /* root.html in Resources */,
			);
			runOnlyForDeploymentPostprocessing = 0;
		};
/* End PBXResourcesBuildPhase section */

/* Begin PBXSourcesBuildPhase section */
		360460901371D0F3004D1390 /* Sources */ = {
			isa = PBXSourcesBuildPhase;
			buildActionMask = 2147483647;
			files = (
				360460A61371D0F3004D1390 /* main.m in Sources */,
				360460A91371D0F3004D1390 /* HtmlDocumentViewAppDelegate.m in Sources */,
				360460BC1371D464004D1390 /* HDVFactory.m in Sources */,
				36DD0CCD1371E3D200BFEDA1 /* APElement.m in Sources */,
				36DD0CCE1371E3D200BFEDA1 /* APDocument.m in Sources */,
				36DD0CCF1371E3D200BFEDA1 /* APAttribute.m in Sources */,
				36E50904137D7C7C00AAD411 /* PViewFactory.m in Sources */,
				36E50907137D7CA300AAD411 /* ULViewFactory.m in Sources */,
				36E5090A137D7CBA00AAD411 /* LIViewFactory.m in Sources */,
				36E5090D137D7CC900AAD411 /* BaseViewFactory.m in Sources */,
				36E50918137D808D00AAD411 /* SPANViewFactory.m in Sources */,
				36F3C1AE137DC33C00F8B5C1 /* LayoutEngine.m in Sources */,
			);
			runOnlyForDeploymentPostprocessing = 0;
		};
/* End PBXSourcesBuildPhase section */

/* Begin PBXVariantGroup section */
		360460A11371D0F3004D1390 /* InfoPlist.strings */ = {
			isa = PBXVariantGroup;
			children = (
				360460A21371D0F3004D1390 /* en */,
			);
			name = InfoPlist.strings;
			sourceTree = "<group>";
		};
		360460AA1371D0F3004D1390 /* MainWindow.xib */ = {
			isa = PBXVariantGroup;
			children = (
				360460AB1371D0F3004D1390 /* en */,
			);
			name = MainWindow.xib;
			sourceTree = "<group>";
		};
/* End PBXVariantGroup section */

/* Begin XCBuildConfiguration section */
		360460AD1371D0F3004D1390 /* Debug */ = {
			isa = XCBuildConfiguration;
			buildSettings = {
				ARCHS = "$(ARCHS_UNIVERSAL_IPHONE_OS)";
				"CODE_SIGN_IDENTITY[sdk=iphoneos*]" = "iPhone Developer";
				GCC_C_LANGUAGE_STANDARD = gnu99;
				GCC_OPTIMIZATION_LEVEL = 0;
				GCC_PREPROCESSOR_DEFINITIONS = DEBUG;
				GCC_SYMBOLS_PRIVATE_EXTERN = NO;
				GCC_VERSION = com.apple.compilers.llvmgcc42;
				GCC_WARN_ABOUT_RETURN_TYPE = YES;
				GCC_WARN_UNUSED_VARIABLE = YES;
				IPHONEOS_DEPLOYMENT_TARGET = 4.3;
				SDKROOT = iphoneos;
				TARGETED_DEVICE_FAMILY = 2;
			};
			name = Debug;
		};
		360460AE1371D0F3004D1390 /* Release */ = {
			isa = XCBuildConfiguration;
			buildSettings = {
				ARCHS = "$(ARCHS_UNIVERSAL_IPHONE_OS)";
				"CODE_SIGN_IDENTITY[sdk=iphoneos*]" = "iPhone Developer";
				GCC_C_LANGUAGE_STANDARD = gnu99;
				GCC_VERSION = com.apple.compilers.llvmgcc42;
				GCC_WARN_ABOUT_RETURN_TYPE = YES;
				GCC_WARN_UNUSED_VARIABLE = YES;
				IPHONEOS_DEPLOYMENT_TARGET = 4.3;
				OTHER_CFLAGS = "-DNS_BLOCK_ASSERTIONS=1";
				SDKROOT = iphoneos;
				TARGETED_DEVICE_FAMILY = 2;
			};
			name = Release;
		};
		360460B01371D0F3004D1390 /* Debug */ = {
			isa = XCBuildConfiguration;
			buildSettings = {
				ALWAYS_SEARCH_USER_PATHS = NO;
				COPY_PHASE_STRIP = NO;
				GCC_DYNAMIC_NO_PIC = NO;
				GCC_PRECOMPILE_PREFIX_HEADER = YES;
				GCC_PREFIX_HEADER = "HtmlDocumentView/HtmlDocumentView-Prefix.pch";
				INFOPLIST_FILE = "HtmlDocumentView/HtmlDocumentView-Info.plist";
				PRODUCT_NAME = "$(TARGET_NAME)";
				TARGETED_DEVICE_FAMILY = "1,2";
				WRAPPER_EXTENSION = app;
			};
			name = Debug;
		};
		360460B11371D0F3004D1390 /* Release */ = {
			isa = XCBuildConfiguration;
			buildSettings = {
				ALWAYS_SEARCH_USER_PATHS = NO;
				COPY_PHASE_STRIP = YES;
				GCC_PRECOMPILE_PREFIX_HEADER = YES;
				GCC_PREFIX_HEADER = "HtmlDocumentView/HtmlDocumentView-Prefix.pch";
				INFOPLIST_FILE = "HtmlDocumentView/HtmlDocumentView-Info.plist";
				PRODUCT_NAME = "$(TARGET_NAME)";
				TARGETED_DEVICE_FAMILY = "1,2";
				VALIDATE_PRODUCT = YES;
				WRAPPER_EXTENSION = app;
			};
			name = Release;
		};
/* End XCBuildConfiguration section */

/* Begin XCConfigurationList section */
		3604608E1371D0F3004D1390 /* Build configuration list for PBXProject "HtmlDocumentView" */ = {
			isa = XCConfigurationList;
			buildConfigurations = (
				360460AD1371D0F3004D1390 /* Debug */,
				360460AE1371D0F3004D1390 /* Release */,
			);
			defaultConfigurationIsVisible = 0;
			defaultConfigurationName = Release;
		};
		360460AF1371D0F3004D1390 /* Build configuration list for PBXNativeTarget "HtmlDocumentView" */ = {
			isa = XCConfigurationList;
			buildConfigurations = (
				360460B01371D0F3004D1390 /* Debug */,
				360460B11371D0F3004D1390 /* Release */,
			);
			defaultConfigurationIsVisible = 0;
			defaultConfigurationName = Release;
		};
/* End XCConfigurationList section */
	};
	rootObject = 3604608B1371D0F3004D1390 /* Project object */;
}
